
Microsoft Visual Studio Solution File, Format Version 11.00
# Visual Studio 2010
Project("{FAE04EC0-301F-11D3-BF4B-00C04F79EFBC}") = "PGK.Extensions", "PGK.Extensions\PGK.Extensions.csproj", "{1CA53630-FE88-4618-BA42-78CF7F9FC1B3}"
EndProject
Project("{FAE04EC0-301F-11D3-BF4B-00C04F79EFBC}") = "PGK.Extensions.Web", "PGK.Extensions.Web\PGK.Extensions.Web.csproj", "{F2F9CDC0-CE88-4762-A5C3-8553B83B926B}"
EndProject
Project("{FAE04EC0-301F-11D3-BF4B-00C04F79EFBC}") = "PGK.Extensions.Windows", "PGK.Extensions.Windows\PGK.Extensions.Windows.csproj", "{F36CE20A-DD8D-494C-82D2-BCBF0827A72F}"
EndProject
Project("{FAE04EC0-301F-11D3-BF4B-00C04F79EFBC}") = "PGK.Extensions.Windows.Forms", "PGK.Extensions.Windows.Forms\PGK.Extensions.Windows.Forms.csproj", "{B6081D90-3DBB-4E67-BEAA-3BF86141F0DB}"
EndProject
Project("{FAE04EC0-301F-11D3-BF4B-00C04F79EFBC}") = "PGK.Extensions.Tests", "PGK.Extensions.Tests\PGK.Extensions.Tests.csproj", "{E6E69753-086D-406E-9A85-CE01BFA70B74}"
EndProject
Project("{2150E333-8FDC-42A3-9474-1A3956D46DE8}") = "Solution Items", "Solution Items", "{6F63218A-D300-44A8-98B2-D14D2B4D84F7}"
	ProjectSection(SolutionItems) = preProject
		Local.testsettings = Local.testsettings
		PGK.Extensions.vsmdi = PGK.Extensions.vsmdi
		TraceAndTestImpact.testsettings = TraceAndTestImpact.testsettings
	EndProjectSection
EndProject
Project("{FAE04EC0-301F-11D3-BF4B-00C04F79EFBC}") = "PGK.Extensions.MVC", "PGK.Extensions.MVC\PGK.Extensions.MVC.csproj", "{75D5CDDF-A77C-4B79-ABD5-3A8FB6324AF9}"
EndProject
Project("{FAE04EC0-301F-11D3-BF4B-00C04F79EFBC}") = "PGK.Extensions.Entity", "PGK.Extensions.Entity\PGK.Extensions.Entity.csproj", "{63F79BBE-46FF-4277-9195-14608E4DEBCC}"
EndProject
Project("{FAE04EC0-301F-11D3-BF4B-00C04F79EFBC}") = "PGK.Extensions.RhinoMocks", "PGK.Extensions.RhinoMocks\PGK.Extensions.RhinoMocks.csproj", "{7C0DCE9B-4824-4406-924A-38B14A120DEC}"
EndProject
Project("{FAE04EC0-301F-11D3-BF4B-00C04F79EFBC}") = "PGK.Extensions4", "PGK.Extensions4\PGK.Extensions4.csproj", "{0E7BAF97-BD4B-480C-912C-2503875A9053}"
EndProject
Project("{FAE04EC0-301F-11D3-BF4B-00C04F79EFBC}") = "PGK.Extensions.Test4", "PGK.Extensions.Test4\PGK.Extensions.Test4.csproj", "{12031EE3-0471-42BA-92DA-BE088DE4B8FA}"
EndProject
Global
	GlobalSection(TeamFoundationVersionControl) = preSolution
		SccNumberOfProjects = 11
		SccEnterpriseProvider = {4CA58AB2-18FA-4F8D-95D4-32DDF27D184C}
		SccTeamFoundationServer = https://tfs.codeplex.com/tfs/tfs10
		SccLocalPath0 = .
		SccProjectUniqueName1 = PGK.Extensions\\PGK.Extensions.csproj
		SccProjectName1 = PGK.Extensions
		SccLocalPath1 = PGK.Extensions
		SccProjectUniqueName2 = PGK.Extensions.Web\\PGK.Extensions.Web.csproj
		SccProjectName2 = PGK.Extensions.Web
		SccLocalPath2 = PGK.Extensions.Web
		SccProjectUniqueName3 = PGK.Extensions.Windows\\PGK.Extensions.Windows.csproj
		SccProjectName3 = PGK.Extensions.Windows
		SccLocalPath3 = PGK.Extensions.Windows
		SccProjectUniqueName4 = PGK.Extensions.Windows.Forms\\PGK.Extensions.Windows.Forms.csproj
		SccProjectName4 = PGK.Extensions.Windows.Forms
		SccLocalPath4 = PGK.Extensions.Windows.Forms
		SccProjectUniqueName5 = PGK.Extensions.Tests\\PGK.Extensions.Tests.csproj
		SccProjectName5 = PGK.Extensions.Tests
		SccLocalPath5 = PGK.Extensions.Tests
		SccProjectUniqueName6 = PGK.Extensions.MVC\\PGK.Extensions.MVC.csproj
		SccProjectName6 = PGK.Extensions.MVC
		SccLocalPath6 = PGK.Extensions.MVC
		SccProjectUniqueName7 = PGK.Extensions.Entity\\PGK.Extensions.Entity.csproj
		SccProjectName7 = PGK.Extensions.Entity
		SccLocalPath7 = PGK.Extensions.Entity
		SccProjectUniqueName8 = PGK.Extensions.RhinoMocks\\PGK.Extensions.RhinoMocks.csproj
		SccProjectName8 = PGK.Extensions.RhinoMocks
		SccLocalPath8 = PGK.Extensions.RhinoMocks
		SccProjectUniqueName9 = PGK.Extensions4\\PGK.Extensions4.csproj
		SccProjectName9 = PGK.Extensions4
		SccLocalPath9 = PGK.Extensions4
		SccProjectUniqueName10 = PGK.Extensions.Test4\\PGK.Extensions.Test4.csproj
		SccProjectName10 = PGK.Extensions.Test4
		SccLocalPath10 = PGK.Extensions.Test4
	EndGlobalSection
	GlobalSection(TestCaseManagementSettings) = postSolution
		CategoryFile = PGK.Extensions.vsmdi
	EndGlobalSection
	GlobalSection(SolutionConfigurationPlatforms) = preSolution
		Debug|Any CPU = Debug|Any CPU
		Release|Any CPU = Release|Any CPU
	EndGlobalSection
	GlobalSection(ProjectConfigurationPlatforms) = postSolution
		{1CA53630-FE88-4618-BA42-78CF7F9FC1B3}.Debug|Any CPU.ActiveCfg = Debug|Any CPU
		{1CA53630-FE88-4618-BA42-78CF7F9FC1B3}.Debug|Any CPU.Build.0 = Debug|Any CPU
		{1CA53630-FE88-4618-BA42-78CF7F9FC1B3}.Release|Any CPU.ActiveCfg = Release|Any CPU
		{1CA53630-FE88-4618-BA42-78CF7F9FC1B3}.Release|Any CPU.Build.0 = Release|Any CPU
		{F2F9CDC0-CE88-4762-A5C3-8553B83B926B}.Debug|Any CPU.ActiveCfg = Debug|Any CPU
		{F2F9CDC0-CE88-4762-A5C3-8553B83B926B}.Debug|Any CPU.Build.0 = Debug|Any CPU
		{F2F9CDC0-CE88-4762-A5C3-8553B83B926B}.Release|Any CPU.ActiveCfg = Release|Any CPU
		{F2F9CDC0-CE88-4762-A5C3-8553B83B926B}.Release|Any CPU.Build.0 = Release|Any CPU
		{F36CE20A-DD8D-494C-82D2-BCBF0827A72F}.Debug|Any CPU.ActiveCfg = Debug|Any CPU
		{F36CE20A-DD8D-494C-82D2-BCBF0827A72F}.Debug|Any CPU.Build.0 = Debug|Any CPU
		{F36CE20A-DD8D-494C-82D2-BCBF0827A72F}.Release|Any CPU.ActiveCfg = Release|Any CPU
		{F36CE20A-DD8D-494C-82D2-BCBF0827A72F}.Release|Any CPU.Build.0 = Release|Any CPU
		{B6081D90-3DBB-4E67-BEAA-3BF86141F0DB}.Debug|Any CPU.ActiveCfg = Debug|Any CPU
		{B6081D90-3DBB-4E67-BEAA-3BF86141F0DB}.Debug|Any CPU.Build.0 = Debug|Any CPU
		{B6081D90-3DBB-4E67-BEAA-3BF86141F0DB}.Release|Any CPU.ActiveCfg = Release|Any CPU
		{B6081D90-3DBB-4E67-BEAA-3BF86141F0DB}.Release|Any CPU.Build.0 = Release|Any CPU
		{E6E69753-086D-406E-9A85-CE01BFA70B74}.Debug|Any CPU.ActiveCfg = Debug|Any CPU
		{E6E69753-086D-406E-9A85-CE01BFA70B74}.Debug|Any CPU.Build.0 = Debug|Any CPU
		{E6E69753-086D-406E-9A85-CE01BFA70B74}.Release|Any CPU.ActiveCfg = Release|Any CPU
		{E6E69753-086D-406E-9A85-CE01BFA70B74}.Release|Any CPU.Build.0 = Release|Any CPU
		{75D5CDDF-A77C-4B79-ABD5-3A8FB6324AF9}.Debug|Any CPU.ActiveCfg = Debug|Any CPU
		{75D5CDDF-A77C-4B79-ABD5-3A8FB6324AF9}.Debug|Any CPU.Build.0 = Debug|Any CPU
		{75D5CDDF-A77C-4B79-ABD5-3A8FB6324AF9}.Release|Any CPU.ActiveCfg = Release|Any CPU
		{75D5CDDF-A77C-4B79-ABD5-3A8FB6324AF9}.Release|Any CPU.Build.0 = Release|Any CPU
		{63F79BBE-46FF-4277-9195-14608E4DEBCC}.Debug|Any CPU.ActiveCfg = Debug|Any CPU
		{63F79BBE-46FF-4277-9195-14608E4DEBCC}.Debug|Any CPU.Build.0 = Debug|Any CPU
		{63F79BBE-46FF-4277-9195-14608E4DEBCC}.Release|Any CPU.ActiveCfg = Release|Any CPU
		{63F79BBE-46FF-4277-9195-14608E4DEBCC}.Release|Any CPU.Build.0 = Release|Any CPU
		{7C0DCE9B-4824-4406-924A-38B14A120DEC}.Debug|Any CPU.ActiveCfg = Debug|Any CPU
		{7C0DCE9B-4824-4406-924A-38B14A120DEC}.Debug|Any CPU.Build.0 = Debug|Any CPU
		{7C0DCE9B-4824-4406-924A-38B14A120DEC}.Release|Any CPU.ActiveCfg = Release|Any CPU
		{7C0DCE9B-4824-4406-924A-38B14A120DEC}.Release|Any CPU.Build.0 = Release|Any CPU
		{0E7BAF97-BD4B-480C-912C-2503875A9053}.Debug|Any CPU.ActiveCfg = Debug|Any CPU
		{0E7BAF97-BD4B-480C-912C-2503875A9053}.Debug|Any CPU.Build.0 = Debug|Any CPU
		{0E7BAF97-BD4B-480C-912C-2503875A9053}.Release|Any CPU.ActiveCfg = Release|Any CPU
		{0E7BAF97-BD4B-480C-912C-2503875A9053}.Release|Any CPU.Build.0 = Release|Any CPU
		{12031EE3-0471-42BA-92DA-BE088DE4B8FA}.Debug|Any CPU.ActiveCfg = Debug|Any CPU
		{12031EE3-0471-42BA-92DA-BE088DE4B8FA}.Debug|Any CPU.Build.0 = Debug|Any CPU
		{12031EE3-0471-42BA-92DA-BE088DE4B8FA}.Release|Any CPU.ActiveCfg = Release|Any CPU
		{12031EE3-0471-42BA-92DA-BE088DE4B8FA}.Release|Any CPU.Build.0 = Release|Any CPU
	EndGlobalSection
	GlobalSection(SolutionProperties) = preSolution
		HideSolutionNode = FALSE
	EndGlobalSection
EndGlobal
