
Microsoft Visual Studio Solution File, Format Version 10.00
# Visual Studio 2008
Project("{FAE04EC0-301F-11D3-BF4B-00C04F79EFBC}") = "PGK.Extensions.Web", "PGK.Extensions.Web.csproj", "{F2F9CDC0-CE88-4762-A5C3-8553B83B926B}"
EndProject
Global
	GlobalSection(SolutionConfigurationPlatforms) = preSolution
		Debug|Any CPU = Debug|Any CPU
		Release|Any CPU = Release|Any CPU
	EndGlobalSection
	GlobalSection(ProjectConfigurationPlatforms) = postSolution
		{F2F9CDC0-CE88-4762-A5C3-8553B83B926B}.Debug|Any CPU.ActiveCfg = Debug|Any CPU
		{F2F9CDC0-CE88-4762-A5C3-8553B83B926B}.Debug|Any CPU.Build.0 = Debug|Any CPU
		{F2F9CDC0-CE88-4762-A5C3-8553B83B926B}.Release|Any CPU.ActiveCfg = Release|Any CPU
		{F2F9CDC0-CE88-4762-A5C3-8553B83B926B}.Release|Any CPU.Build.0 = Release|Any CPU
	EndGlobalSection
	GlobalSection(SolutionProperties) = preSolution
		HideSolutionNode = FALSE
	EndGlobalSection
EndGlobal
